
Microsoft Visual Studio Solution File, Format Version 12.00
# Visual Studio Version 16
VisualStudioVersion = 16.0.29411.108
MinimumVisualStudioVersion = 10.0.40219.1
Project("{FAE04EC0-301F-11D3-BF4B-00C04F79EFBC}") = "ParImpar", "ParImpar.csproj", "{8B43EB3A-2724-499D-8522-BF617788732A}"
EndProject
Global
	GlobalSection(SolutionConfigurationPlatforms) = preSolution
		Debug|Any CPU = Debug|Any CPU
		Release|Any CPU = Release|Any CPU
	EndGlobalSection
	GlobalSection(ProjectConfigurationPlatforms) = postSolution
		{8B43EB3A-2724-499D-8522-BF617788732A}.Debug|Any CPU.ActiveCfg = Debug|Any CPU
		{8B43EB3A-2724-499D-8522-BF617788732A}.Debug|Any CPU.Build.0 = Debug|Any CPU
		{8B43EB3A-2724-499D-8522-BF617788732A}.Release|Any CPU.ActiveCfg = Release|Any CPU
		{8B43EB3A-2724-499D-8522-BF617788732A}.Release|Any CPU.Build.0 = Release|Any CPU
	EndGlobalSection
	GlobalSection(SolutionProperties) = preSolution
		HideSolutionNode = FALSE
	EndGlobalSection
	GlobalSection(ExtensibilityGlobals) = postSolution
		SolutionGuid = {C169A1E3-3A37-4A98-9F4A-08238E831705}
	EndGlobalSection
EndGlobal
